
Microsoft Visual Studio Solution File, Format Version 12.00
# Visual Studio Version 17
VisualStudioVersion = 17.11.35327.3
MinimumVisualStudioVersion = 10.0.40219.1
Project("{9A19103F-16F7-4668-BE54-9A1E7A4F7556}") = "BlazorQueue", "BlazorQueue\BlazorQueue.csproj", "{0E930904-B55B-4DCE-9A4E-198E2AE6B770}"
EndProject
Project("{9A19103F-16F7-4668-BE54-9A1E7A4F7556}") = "WebsiteDownloader", "WebsiteDownloader\WebsiteDownloader.csproj", "{B3FC6BF9-5AEA-4EC8-9DDA-266138F39F21}"
EndProject
Project("{9A19103F-16F7-4668-BE54-9A1E7A4F7556}") = "LearnMuddyBlazor", "LearnMuddyBlazor\LearnMuddyBlazor\LearnMuddyBlazor.csproj", "{0B52F2EF-0B12-47B3-8510-BE0EA66296F1}"
EndProject
Project("{9A19103F-16F7-4668-BE54-9A1E7A4F7556}") = "LearnMuddyBlazor.Client", "LearnMuddyBlazor\LearnMuddyBlazor.Client\LearnMuddyBlazor.Client.csproj", "{C81CDBC8-8D24-4223-958F-F13BC6570670}"
EndProject
Global
	GlobalSection(SolutionConfigurationPlatforms) = preSolution
		Debug|Any CPU = Debug|Any CPU
		Release|Any CPU = Release|Any CPU
	EndGlobalSection
	GlobalSection(ProjectConfigurationPlatforms) = postSolution
		{0E930904-B55B-4DCE-9A4E-198E2AE6B770}.Debug|Any CPU.ActiveCfg = Debug|Any CPU
		{0E930904-B55B-4DCE-9A4E-198E2AE6B770}.Debug|Any CPU.Build.0 = Debug|Any CPU
		{0E930904-B55B-4DCE-9A4E-198E2AE6B770}.Release|Any CPU.ActiveCfg = Release|Any CPU
		{0E930904-B55B-4DCE-9A4E-198E2AE6B770}.Release|Any CPU.Build.0 = Release|Any CPU
		{B3FC6BF9-5AEA-4EC8-9DDA-266138F39F21}.Debug|Any CPU.ActiveCfg = Debug|Any CPU
		{B3FC6BF9-5AEA-4EC8-9DDA-266138F39F21}.Debug|Any CPU.Build.0 = Debug|Any CPU
		{B3FC6BF9-5AEA-4EC8-9DDA-266138F39F21}.Release|Any CPU.ActiveCfg = Release|Any CPU
		{B3FC6BF9-5AEA-4EC8-9DDA-266138F39F21}.Release|Any CPU.Build.0 = Release|Any CPU
		{0B52F2EF-0B12-47B3-8510-BE0EA66296F1}.Debug|Any CPU.ActiveCfg = Debug|Any CPU
		{0B52F2EF-0B12-47B3-8510-BE0EA66296F1}.Debug|Any CPU.Build.0 = Debug|Any CPU
		{0B52F2EF-0B12-47B3-8510-BE0EA66296F1}.Release|Any CPU.ActiveCfg = Release|Any CPU
		{0B52F2EF-0B12-47B3-8510-BE0EA66296F1}.Release|Any CPU.Build.0 = Release|Any CPU
		{C81CDBC8-8D24-4223-958F-F13BC6570670}.Debug|Any CPU.ActiveCfg = Debug|Any CPU
		{C81CDBC8-8D24-4223-958F-F13BC6570670}.Debug|Any CPU.Build.0 = Debug|Any CPU
		{C81CDBC8-8D24-4223-958F-F13BC6570670}.Release|Any CPU.ActiveCfg = Release|Any CPU
		{C81CDBC8-8D24-4223-958F-F13BC6570670}.Release|Any CPU.Build.0 = Release|Any CPU
	EndGlobalSection
	GlobalSection(SolutionProperties) = preSolution
		HideSolutionNode = FALSE
	EndGlobalSection
	GlobalSection(ExtensibilityGlobals) = postSolution
		SolutionGuid = {8B90CFFB-1AAF-4828-BFFF-5B2113B44AB8}
	EndGlobalSection
EndGlobal
